
Microsoft Visual Studio Solution File, Format Version 12.00
# Visual Studio Version 17
VisualStudioVersion = 17.7.34031.279
MinimumVisualStudioVersion = 10.0.40219.1
Project("{8BC9CEB8-8B4A-11D0-8D11-00A0C91BC942}") = "lab_6", "lab_6\lab_6.vcxproj", "{17E233F4-714E-4284-9400-5401A2FFC557}"
EndProject
Global
	GlobalSection(SolutionConfigurationPlatforms) = preSolution
		Debug|x64 = Debug|x64
		Debug|x86 = Debug|x86
		Release|x64 = Release|x64
		Release|x86 = Release|x86
	EndGlobalSection
	GlobalSection(ProjectConfigurationPlatforms) = postSolution
		{17E233F4-714E-4284-9400-5401A2FFC557}.Debug|x64.ActiveCfg = Debug|x64
		{17E233F4-714E-4284-9400-5401A2FFC557}.Debug|x64.Build.0 = Debug|x64
		{17E233F4-714E-4284-9400-5401A2FFC557}.Debug|x86.ActiveCfg = Debug|Win32
		{17E233F4-714E-4284-9400-5401A2FFC557}.Debug|x86.Build.0 = Debug|Win32
		{17E233F4-714E-4284-9400-5401A2FFC557}.Release|x64.ActiveCfg = Release|x64
		{17E233F4-714E-4284-9400-5401A2FFC557}.Release|x64.Build.0 = Release|x64
		{17E233F4-714E-4284-9400-5401A2FFC557}.Release|x86.ActiveCfg = Release|Win32
		{17E233F4-714E-4284-9400-5401A2FFC557}.Release|x86.Build.0 = Release|Win32
	EndGlobalSection
	GlobalSection(SolutionProperties) = preSolution
		HideSolutionNode = FALSE
	EndGlobalSection
	GlobalSection(ExtensibilityGlobals) = postSolution
		SolutionGuid = {6975B987-5853-4251-98BB-009C72E05E2B}
	EndGlobalSection
EndGlobal
